// !$*UTF8*$!
{
	archiveVersion = 1;
	classes = {
	};
	objectVersion = 45;
	objects = {

/* Begin PBXAggregateTarget section */
		24416B8111C4CA220047AFDD /* Build & Test */ = {
			isa = PBXAggregateTarget;
			buildConfigurationList = 24416B8A11C4CA520047AFDD /* Build configuration list for PBXAggregateTarget "Build & Test" */;
			buildPhases = (
				24416B8011C4CA220047AFDD /* ShellScript */,
			);
			dependencies = (
				24416B8511C4CA280047AFDD /* PBXTargetDependency */,
			);
			name = "Build & Test";
			productName = "Build & test";
		};
/* End PBXAggregateTarget section */

/* Begin PBXBuildFile section */
		24DD6CF91134B3F500162E58 /* JpMasuidriveTiStorekitModule.h in Headers */ = {isa = PBXBuildFile; fileRef = 24DD6CF71134B3F500162E58 /* JpMasuidriveTiStorekitModule.h */; };
		24DD6CFA1134B3F500162E58 /* JpMasuidriveTiStorekitModule.m in Sources */ = {isa = PBXBuildFile; fileRef = 24DD6CF81134B3F500162E58 /* JpMasuidriveTiStorekitModule.m */; };
		24DE9E1111C5FE74003F90F6 /* JpMasuidriveTiStorekitModuleAssets.h in Headers */ = {isa = PBXBuildFile; fileRef = 24DE9E0F11C5FE74003F90F6 /* JpMasuidriveTiStorekitModuleAssets.h */; };
		24DE9E1211C5FE74003F90F6 /* JpMasuidriveTiStorekitModuleAssets.m in Sources */ = {isa = PBXBuildFile; fileRef = 24DE9E1011C5FE74003F90F6 /* JpMasuidriveTiStorekitModuleAssets.m */; };
		5951574F12204BA50059B0F3 /* StoreKit.framework in Frameworks */ = {isa = PBXBuildFile; fileRef = 5951574E12204BA50059B0F3 /* StoreKit.framework */; };
		598C92281221151B00DD87E6 /* PaymentTransaction.h in Headers */ = {isa = PBXBuildFile; fileRef = 598C92261221151B00DD87E6 /* PaymentTransaction.h */; };
		598C92291221151B00DD87E6 /* PaymentTransaction.m in Sources */ = {isa = PBXBuildFile; fileRef = 598C92271221151B00DD87E6 /* PaymentTransaction.m */; };
		598C92FB1221C9F900DD87E6 /* Product.h in Headers */ = {isa = PBXBuildFile; fileRef = 598C92F91221C9F900DD87E6 /* Product.h */; };
		598C92FC1221C9F900DD87E6 /* Product.m in Sources */ = {isa = PBXBuildFile; fileRef = 598C92FA1221C9F900DD87E6 /* Product.m */; };
		59DCC21912205B87007EDC2E /* Payment.h in Headers */ = {isa = PBXBuildFile; fileRef = 59DCC21712205B87007EDC2E /* Payment.h */; };
		59DCC21A12205B87007EDC2E /* Payment.m in Sources */ = {isa = PBXBuildFile; fileRef = 59DCC21812205B87007EDC2E /* Payment.m */; };
		59DCC24A1220719B007EDC2E /* PaymentQueue.h in Headers */ = {isa = PBXBuildFile; fileRef = 59DCC2481220719B007EDC2E /* PaymentQueue.h */; };
		59DCC24B1220719B007EDC2E /* PaymentQueue.m in Sources */ = {isa = PBXBuildFile; fileRef = 59DCC2491220719B007EDC2E /* PaymentQueue.m */; };
		AA747D9F0F9514B9006C5449 /* JpMasuidriveTiStorekit_Prefix.pch in Headers */ = {isa = PBXBuildFile; fileRef = AA747D9E0F9514B9006C5449 /* JpMasuidriveTiStorekit_Prefix.pch */; };
		AACBBE4A0F95108600F1A2B1 /* Foundation.framework in Frameworks */ = {isa = PBXBuildFile; fileRef = AACBBE490F95108600F1A2B1 /* Foundation.framework */; };
/* End PBXBuildFile section */

/* Begin PBXContainerItemProxy section */
		24416B8411C4CA280047AFDD /* PBXContainerItemProxy */ = {
			isa = PBXContainerItemProxy;
			containerPortal = 0867D690FE84028FC02AAC07 /* Project object */;
			proxyType = 1;
			remoteGlobalIDString = D2AAC07D0554694100DB518D;
			remoteInfo = tistorekit;
		};
/* End PBXContainerItemProxy section */

/* Begin PBXFileReference section */
		24DD6CF71134B3F500162E58 /* JpMasuidriveTiStorekitModule.h */ = {isa = PBXFileReference; fileEncoding = 4; lastKnownFileType = sourcecode.c.h; name = JpMasuidriveTiStorekitModule.h; path = Classes/JpMasuidriveTiStorekitModule.h; sourceTree = "<group>"; };
		24DD6CF81134B3F500162E58 /* JpMasuidriveTiStorekitModule.m */ = {isa = PBXFileReference; fileEncoding = 4; lastKnownFileType = sourcecode.c.objc; name = JpMasuidriveTiStorekitModule.m; path = Classes/JpMasuidriveTiStorekitModule.m; sourceTree = "<group>"; };
		24DD6D1B1134B66800162E58 /* titanium.xcconfig */ = {isa = PBXFileReference; fileEncoding = 4; lastKnownFileType = text.xcconfig; path = titanium.xcconfig; sourceTree = "<group>"; };
		24DE9E0F11C5FE74003F90F6 /* JpMasuidriveTiStorekitModuleAssets.h */ = {isa = PBXFileReference; fileEncoding = 4; lastKnownFileType = sourcecode.c.h; name = JpMasuidriveTiStorekitModuleAssets.h; path = Classes/JpMasuidriveTiStorekitModuleAssets.h; sourceTree = "<group>"; };
		24DE9E1011C5FE74003F90F6 /* JpMasuidriveTiStorekitModuleAssets.m */ = {isa = PBXFileReference; fileEncoding = 4; lastKnownFileType = sourcecode.c.objc; name = JpMasuidriveTiStorekitModuleAssets.m; path = Classes/JpMasuidriveTiStorekitModuleAssets.m; sourceTree = "<group>"; };
		5951574E12204BA50059B0F3 /* StoreKit.framework */ = {isa = PBXFileReference; lastKnownFileType = wrapper.framework; name = StoreKit.framework; path = System/Library/Frameworks/StoreKit.framework; sourceTree = SDKROOT; };
		598C92261221151B00DD87E6 /* PaymentTransaction.h */ = {isa = PBXFileReference; fileEncoding = 4; lastKnownFileType = sourcecode.c.h; name = PaymentTransaction.h; path = Classes/PaymentTransaction.h; sourceTree = "<group>"; };
		598C92271221151B00DD87E6 /* PaymentTransaction.m */ = {isa = PBXFileReference; fileEncoding = 4; lastKnownFileType = sourcecode.c.objc; name = PaymentTransaction.m; path = Classes/PaymentTransaction.m; sourceTree = "<group>"; };
		598C92F91221C9F900DD87E6 /* Product.h */ = {isa = PBXFileReference; fileEncoding = 4; lastKnownFileType = sourcecode.c.h; name = Product.h; path = Classes/Product.h; sourceTree = "<group>"; };
		598C92FA1221C9F900DD87E6 /* Product.m */ = {isa = PBXFileReference; fileEncoding = 4; lastKnownFileType = sourcecode.c.objc; name = Product.m; path = Classes/Product.m; sourceTree = "<group>"; };
		59DCC21712205B87007EDC2E /* Payment.h */ = {isa = PBXFileReference; fileEncoding = 4; lastKnownFileType = sourcecode.c.h; name = Payment.h; path = Classes/Payment.h; sourceTree = "<group>"; };
		59DCC21812205B87007EDC2E /* Payment.m */ = {isa = PBXFileReference; fileEncoding = 4; lastKnownFileType = sourcecode.c.objc; name = Payment.m; path = Classes/Payment.m; sourceTree = "<group>"; };
		59DCC2481220719B007EDC2E /* PaymentQueue.h */ = {isa = PBXFileReference; fileEncoding = 4; lastKnownFileType = sourcecode.c.h; name = PaymentQueue.h; path = Classes/PaymentQueue.h; sourceTree = "<group>"; };
		59DCC2491220719B007EDC2E /* PaymentQueue.m */ = {isa = PBXFileReference; fileEncoding = 4; lastKnownFileType = sourcecode.c.objc; name = PaymentQueue.m; path = Classes/PaymentQueue.m; sourceTree = "<group>"; };
		AA747D9E0F9514B9006C5449 /* JpMasuidriveTiStorekit_Prefix.pch */ = {isa = PBXFileReference; fileEncoding = 4; lastKnownFileType = sourcecode.c.h; path = JpMasuidriveTiStorekit_Prefix.pch; sourceTree = SOURCE_ROOT; };
		AACBBE490F95108600F1A2B1 /* Foundation.framework */ = {isa = PBXFileReference; lastKnownFileType = wrapper.framework; name = Foundation.framework; path = System/Library/Frameworks/Foundation.framework; sourceTree = SDKROOT; };
		D2AAC07E0554694100DB518D /* libJpMasuidriveTiStorekit.a */ = {isa = PBXFileReference; explicitFileType = archive.ar; includeInIndex = 0; path = libJpMasuidriveTiStorekit.a; sourceTree = BUILT_PRODUCTS_DIR; };
/* End PBXFileReference section */

/* Begin PBXFrameworksBuildPhase section */
		D2AAC07C0554694100DB518D /* Frameworks */ = {
			isa = PBXFrameworksBuildPhase;
			buildActionMask = 2147483647;
			files = (
				AACBBE4A0F95108600F1A2B1 /* Foundation.framework in Frameworks */,
				5951574F12204BA50059B0F3 /* StoreKit.framework in Frameworks */,
			);
			runOnlyForDeploymentPostprocessing = 0;
		};
/* End PBXFrameworksBuildPhase section */

/* Begin PBXGroup section */
		034768DFFF38A50411DB9C8B /* Products */ = {
			isa = PBXGroup;
			children = (
				D2AAC07E0554694100DB518D /* libJpMasuidriveTiStorekit.a */,
			);
			name = Products;
			sourceTree = "<group>";
		};
		0867D691FE84028FC02AAC07 /* tistorekit */ = {
			isa = PBXGroup;
			children = (
				08FB77AEFE84172EC02AAC07 /* Classes */,
				32C88DFF0371C24200C91783 /* Other Sources */,
				0867D69AFE84028FC02AAC07 /* Frameworks */,
				034768DFFF38A50411DB9C8B /* Products */,
			);
			name = tistorekit;
			sourceTree = "<group>";
		};
		0867D69AFE84028FC02AAC07 /* Frameworks */ = {
			isa = PBXGroup;
			children = (
				AACBBE490F95108600F1A2B1 /* Foundation.framework */,
				5951574E12204BA50059B0F3 /* StoreKit.framework */,
			);
			name = Frameworks;
			sourceTree = "<group>";
		};
		08FB77AEFE84172EC02AAC07 /* Classes */ = {
			isa = PBXGroup;
			children = (
				598C92F91221C9F900DD87E6 /* Product.h */,
				598C92FA1221C9F900DD87E6 /* Product.m */,
				59DCC21712205B87007EDC2E /* Payment.h */,
				59DCC21812205B87007EDC2E /* Payment.m */,
				59DCC2481220719B007EDC2E /* PaymentQueue.h */,
				59DCC2491220719B007EDC2E /* PaymentQueue.m */,
				598C92261221151B00DD87E6 /* PaymentTransaction.h */,
				598C92271221151B00DD87E6 /* PaymentTransaction.m */,
				24DE9E0F11C5FE74003F90F6 /* JpMasuidriveTiStorekitModuleAssets.h */,
				24DE9E1011C5FE74003F90F6 /* JpMasuidriveTiStorekitModuleAssets.m */,
				24DD6CF71134B3F500162E58 /* JpMasuidriveTiStorekitModule.h */,
				24DD6CF81134B3F500162E58 /* JpMasuidriveTiStorekitModule.m */,
			);
			name = Classes;
			sourceTree = "<group>";
		};
		32C88DFF0371C24200C91783 /* Other Sources */ = {
			isa = PBXGroup;
			children = (
				AA747D9E0F9514B9006C5449 /* JpMasuidriveTiStorekit_Prefix.pch */,
				24DD6D1B1134B66800162E58 /* titanium.xcconfig */,
			);
			name = "Other Sources";
			sourceTree = "<group>";
		};
/* End PBXGroup section */

/* Begin PBXHeadersBuildPhase section */
		D2AAC07A0554694100DB518D /* Headers */ = {
			isa = PBXHeadersBuildPhase;
			buildActionMask = 2147483647;
			files = (
				AA747D9F0F9514B9006C5449 /* JpMasuidriveTiStorekit_Prefix.pch in Headers */,
				24DD6CF91134B3F500162E58 /* JpMasuidriveTiStorekitModule.h in Headers */,
				24DE9E1111C5FE74003F90F6 /* JpMasuidriveTiStorekitModuleAssets.h in Headers */,
				59DCC21912205B87007EDC2E /* Payment.h in Headers */,
				59DCC24A1220719B007EDC2E /* PaymentQueue.h in Headers */,
				598C92281221151B00DD87E6 /* PaymentTransaction.h in Headers */,
				598C92FB1221C9F900DD87E6 /* Product.h in Headers */,
			);
			runOnlyForDeploymentPostprocessing = 0;
		};
/* End PBXHeadersBuildPhase section */

/* Begin PBXNativeTarget section */
		D2AAC07D0554694100DB518D /* tistorekit */ = {
			isa = PBXNativeTarget;
			buildConfigurationList = 1DEB921E08733DC00010E9CD /* Build configuration list for PBXNativeTarget "tistorekit" */;
			buildPhases = (
				D2AAC07A0554694100DB518D /* Headers */,
				D2AAC07B0554694100DB518D /* Sources */,
				D2AAC07C0554694100DB518D /* Frameworks */,
			);
			buildRules = (
			);
			dependencies = (
			);
			name = tistorekit;
			productName = tistorekit;
			productReference = D2AAC07E0554694100DB518D /* libJpMasuidriveTiStorekit.a */;
			productType = "com.apple.product-type.library.static";
		};
/* End PBXNativeTarget section */

/* Begin PBXProject section */
		0867D690FE84028FC02AAC07 /* Project object */ = {
			isa = PBXProject;
			buildConfigurationList = 1DEB922208733DC00010E9CD /* Build configuration list for PBXProject "tistorekit" */;
			compatibilityVersion = "Xcode 3.1";
			hasScannedForEncodings = 1;
			mainGroup = 0867D691FE84028FC02AAC07 /* tistorekit */;
			productRefGroup = 034768DFFF38A50411DB9C8B /* Products */;
			projectDirPath = "";
			projectRoot = "";
			targets = (
				D2AAC07D0554694100DB518D /* tistorekit */,
				24416B8111C4CA220047AFDD /* Build & Test */,
			);
		};
/* End PBXProject section */

/* Begin PBXShellScriptBuildPhase section */
		24416B8011C4CA220047AFDD /* ShellScript */ = {
			isa = PBXShellScriptBuildPhase;
			buildActionMask = 2147483647;
			files = (
			);
			inputPaths = (
			);
			outputPaths = (
			);
			runOnlyForDeploymentPostprocessing = 0;
			shellPath = /bin/sh;
			shellScript = "# shell script goes here\n\npython \"${TITANIUM_SDK}/titanium.py\" run --dir=\"${PROJECT_DIR}\"\nexit $?\n";
		};
/* End PBXShellScriptBuildPhase section */

/* Begin PBXSourcesBuildPhase section */
		D2AAC07B0554694100DB518D /* Sources */ = {
			isa = PBXSourcesBuildPhase;
			buildActionMask = 2147483647;
			files = (
				24DD6CFA1134B3F500162E58 /* JpMasuidriveTiStorekitModule.m in Sources */,
				24DE9E1211C5FE74003F90F6 /* JpMasuidriveTiStorekitModuleAssets.m in Sources */,
				59DCC21A12205B87007EDC2E /* Payment.m in Sources */,
				59DCC24B1220719B007EDC2E /* PaymentQueue.m in Sources */,
				598C92291221151B00DD87E6 /* PaymentTransaction.m in Sources */,
				598C92FC1221C9F900DD87E6 /* Product.m in Sources */,
			);
			runOnlyForDeploymentPostprocessing = 0;
		};
/* End PBXSourcesBuildPhase section */

/* Begin PBXTargetDependency section */
		24416B8511C4CA280047AFDD /* PBXTargetDependency */ = {
			isa = PBXTargetDependency;
			target = D2AAC07D0554694100DB518D /* tistorekit */;
			targetProxy = 24416B8411C4CA280047AFDD /* PBXContainerItemProxy */;
		};
/* End PBXTargetDependency section */

/* Begin XCBuildConfiguration section */
		1DEB921F08733DC00010E9CD /* Debug */ = {
			isa = XCBuildConfiguration;
			baseConfigurationReference = 24DD6D1B1134B66800162E58 /* titanium.xcconfig */;
			buildSettings = {
				ALWAYS_SEARCH_USER_PATHS = NO;
				ARCHS = "$(ARCHS_STANDARD_32_BIT)";
				COPY_PHASE_STRIP = NO;
				DSTROOT = /tmp/JpMasuidriveTiStorekit.dst;
				GCC_DYNAMIC_NO_PIC = NO;
				GCC_ENABLE_FIX_AND_CONTINUE = YES;
				GCC_MODEL_TUNING = G5;
				GCC_OPTIMIZATION_LEVEL = 0;
				GCC_PRECOMPILE_PREFIX_HEADER = YES;
				GCC_PREFIX_HEADER = JpMasuidriveTiStorekit_Prefix.pch;
				INSTALL_PATH = /usr/local/lib;
				PRODUCT_NAME = JpMasuidriveTiStorekit;
			};
			name = Debug;
		};
		1DEB922008733DC00010E9CD /* Release */ = {
			isa = XCBuildConfiguration;
			baseConfigurationReference = 24DD6D1B1134B66800162E58 /* titanium.xcconfig */;
			buildSettings = {
				ALWAYS_SEARCH_USER_PATHS = NO;
				ARCHS = "$(ARCHS_STANDARD_32_BIT)";
				DSTROOT = /tmp/JpMasuidriveTiStorekit.dst;
				GCC_MODEL_TUNING = G5;
				GCC_PRECOMPILE_PREFIX_HEADER = YES;
				GCC_PREFIX_HEADER = JpMasuidriveTiStorekit_Prefix.pch;
				INSTALL_PATH = /usr/local/lib;
				PRODUCT_NAME = JpMasuidriveTiStorekit;
			};
			name = Release;
		};
		1DEB922308733DC00010E9CD /* Debug */ = {
			isa = XCBuildConfiguration;
			baseConfigurationReference = 24DD6D1B1134B66800162E58 /* titanium.xcconfig */;
			buildSettings = {
				ARCHS = "$(ARCHS_STANDARD_32_BIT)";
				GCC_C_LANGUAGE_STANDARD = c99;
				GCC_OPTIMIZATION_LEVEL = 0;
				GCC_WARN_ABOUT_RETURN_TYPE = YES;
				GCC_WARN_UNUSED_VARIABLE = YES;
				OTHER_LDFLAGS = "";
				PREBINDING = NO;
				SDKROOT = iphoneos4.0;
			};
			name = Debug;
		};
		1DEB922408733DC00010E9CD /* Release */ = {
			isa = XCBuildConfiguration;
			baseConfigurationReference = 24DD6D1B1134B66800162E58 /* titanium.xcconfig */;
			buildSettings = {
				ARCHS = "$(ARCHS_STANDARD_32_BIT)";
				GCC_C_LANGUAGE_STANDARD = c99;
				GCC_WARN_ABOUT_RETURN_TYPE = YES;
				GCC_WARN_UNUSED_VARIABLE = YES;
				OTHER_LDFLAGS = "";
				PREBINDING = NO;
				SDKROOT = iphoneos4.0;
			};
			name = Release;
		};
		24416B8211C4CA220047AFDD /* Debug */ = {
			isa = XCBuildConfiguration;
			baseConfigurationReference = 24DD6D1B1134B66800162E58 /* titanium.xcconfig */;
			buildSettings = {
				COPY_PHASE_STRIP = NO;
				GCC_DYNAMIC_NO_PIC = NO;
				GCC_OPTIMIZATION_LEVEL = 0;
				PRODUCT_NAME = "Build & test";
			};
			name = Debug;
		};
		24416B8311C4CA220047AFDD /* Release */ = {
			isa = XCBuildConfiguration;
			baseConfigurationReference = 24DD6D1B1134B66800162E58 /* titanium.xcconfig */;
			buildSettings = {
				COPY_PHASE_STRIP = YES;
				DEBUG_INFORMATION_FORMAT = "dwarf-with-dsym";
				GCC_ENABLE_FIX_AND_CONTINUE = NO;
				PRODUCT_NAME = "Build & test";
				ZERO_LINK = NO;
			};
			name = Release;
		};
/* End XCBuildConfiguration section */

/* Begin XCConfigurationList section */
		1DEB921E08733DC00010E9CD /* Build configuration list for PBXNativeTarget "tistorekit" */ = {
			isa = XCConfigurationList;
			buildConfigurations = (
				1DEB921F08733DC00010E9CD /* Debug */,
				1DEB922008733DC00010E9CD /* Release */,
			);
			defaultConfigurationIsVisible = 0;
			defaultConfigurationName = Release;
		};
		1DEB922208733DC00010E9CD /* Build configuration list for PBXProject "tistorekit" */ = {
			isa = XCConfigurationList;
			buildConfigurations = (
				1DEB922308733DC00010E9CD /* Debug */,
				1DEB922408733DC00010E9CD /* Release */,
			);
			defaultConfigurationIsVisible = 0;
			defaultConfigurationName = Release;
		};
		24416B8A11C4CA520047AFDD /* Build configuration list for PBXAggregateTarget "Build & Test" */ = {
			isa = XCConfigurationList;
			buildConfigurations = (
				24416B8211C4CA220047AFDD /* Debug */,
				24416B8311C4CA220047AFDD /* Release */,
			);
			defaultConfigurationIsVisible = 0;
			defaultConfigurationName = Release;
		};
/* End XCConfigurationList section */
	};
	rootObject = 0867D690FE84028FC02AAC07 /* Project object */;
}
